
Microsoft Visual Studio Solution File, Format Version 12.00
# Visual Studio Version 16
VisualStudioVersion = 16.0.32228.343
MinimumVisualStudioVersion = 10.0.40219.1
Project("{FAE04EC0-301F-11D3-BF4B-00C04F79EFBC}") = "WindowsFormsApp1", "WindowsFormsApp1\WindowsFormsApp1.csproj", "{8A3E9408-E6F7-4BBD-8AF5-7FDE95F03027}"
EndProject
Global
	GlobalSection(SolutionConfigurationPlatforms) = preSolution
		Debug|Any CPU = Debug|Any CPU
		Release|Any CPU = Release|Any CPU
	EndGlobalSection
	GlobalSection(ProjectConfigurationPlatforms) = postSolution
		{8A3E9408-E6F7-4BBD-8AF5-7FDE95F03027}.Debug|Any CPU.ActiveCfg = Debug|Any CPU
		{8A3E9408-E6F7-4BBD-8AF5-7FDE95F03027}.Debug|Any CPU.Build.0 = Debug|Any CPU
		{8A3E9408-E6F7-4BBD-8AF5-7FDE95F03027}.Release|Any CPU.ActiveCfg = Release|Any CPU
		{8A3E9408-E6F7-4BBD-8AF5-7FDE95F03027}.Release|Any CPU.Build.0 = Release|Any CPU
	EndGlobalSection
	GlobalSection(SolutionProperties) = preSolution
		HideSolutionNode = FALSE
	EndGlobalSection
	GlobalSection(ExtensibilityGlobals) = postSolution
		SolutionGuid = {8D44839A-D19D-4BE1-813B-9B3EF621F4D9}
	EndGlobalSection
EndGlobal
